
Microsoft Visual Studio Solution File, Format Version 12.00
# Visual Studio Version 16
VisualStudioVersion = 16.0.30907.101
MinimumVisualStudioVersion = 10.0.40219.1
Project("{FAE04EC0-301F-11D3-BF4B-00C04F79EFBC}") = "MovieApp-CoreMVC", "MovieApp-CoreMVC\MovieApp-CoreMVC.csproj", "{5D2DC4C3-D72C-44E2-96DE-4708E1A13201}"
EndProject
Global
	GlobalSection(SolutionConfigurationPlatforms) = preSolution
		Debug|Any CPU = Debug|Any CPU
		Release|Any CPU = Release|Any CPU
	EndGlobalSection
	GlobalSection(ProjectConfigurationPlatforms) = postSolution
		{5D2DC4C3-D72C-44E2-96DE-4708E1A13201}.Debug|Any CPU.ActiveCfg = Debug|Any CPU
		{5D2DC4C3-D72C-44E2-96DE-4708E1A13201}.Debug|Any CPU.Build.0 = Debug|Any CPU
		{5D2DC4C3-D72C-44E2-96DE-4708E1A13201}.Release|Any CPU.ActiveCfg = Release|Any CPU
		{5D2DC4C3-D72C-44E2-96DE-4708E1A13201}.Release|Any CPU.Build.0 = Release|Any CPU
	EndGlobalSection
	GlobalSection(SolutionProperties) = preSolution
		HideSolutionNode = FALSE
	EndGlobalSection
	GlobalSection(ExtensibilityGlobals) = postSolution
		SolutionGuid = {2D1E398D-52A2-44C4-B00D-9A27F93A548D}
	EndGlobalSection
EndGlobal
